
Microsoft Visual Studio Solution File, Format Version 12.00
# Visual Studio Version 17
VisualStudioVersion = 17.8.34511.84
MinimumVisualStudioVersion = 10.0.40219.1
Project("{FAE04EC0-301F-11D3-BF4B-00C04F79EFBC}") = "Space-Invaders-Game-C#", "Space-Invaders-Game-C#\Space-Invaders-Game-C#.csproj", "{5B60E238-06FF-499F-8858-3D8EB0C0E0E8}"
EndProject
Global
	GlobalSection(SolutionConfigurationPlatforms) = preSolution
		Debug|Any CPU = Debug|Any CPU
		Release|Any CPU = Release|Any CPU
	EndGlobalSection
	GlobalSection(ProjectConfigurationPlatforms) = postSolution
		{5B60E238-06FF-499F-8858-3D8EB0C0E0E8}.Debug|Any CPU.ActiveCfg = Debug|Any CPU
		{5B60E238-06FF-499F-8858-3D8EB0C0E0E8}.Debug|Any CPU.Build.0 = Debug|Any CPU
		{5B60E238-06FF-499F-8858-3D8EB0C0E0E8}.Release|Any CPU.ActiveCfg = Release|Any CPU
		{5B60E238-06FF-499F-8858-3D8EB0C0E0E8}.Release|Any CPU.Build.0 = Release|Any CPU
	EndGlobalSection
	GlobalSection(SolutionProperties) = preSolution
		HideSolutionNode = FALSE
	EndGlobalSection
	GlobalSection(ExtensibilityGlobals) = postSolution
		SolutionGuid = {1D6717BC-CA1E-4156-A841-043EE6747E98}
	EndGlobalSection
EndGlobal
